
Microsoft Visual Studio Solution File, Format Version 12.00
# Visual Studio Version 17
VisualStudioVersion = 17.0.32112.339
MinimumVisualStudioVersion = 10.0.40219.1
Project("{FAE04EC0-301F-11D3-BF4B-00C04F79EFBC}") = "NuclearReactor", "NuclearReactor\NuclearReactor.csproj", "{83FA8495-31B8-4CD6-B453-79AD38EB44CC}"
EndProject
Global
	GlobalSection(SolutionConfigurationPlatforms) = preSolution
		Debug|Any CPU = Debug|Any CPU
		Release|Any CPU = Release|Any CPU
	EndGlobalSection
	GlobalSection(ProjectConfigurationPlatforms) = postSolution
		{83FA8495-31B8-4CD6-B453-79AD38EB44CC}.Debug|Any CPU.ActiveCfg = Debug|Any CPU
		{83FA8495-31B8-4CD6-B453-79AD38EB44CC}.Debug|Any CPU.Build.0 = Debug|Any CPU
		{83FA8495-31B8-4CD6-B453-79AD38EB44CC}.Release|Any CPU.ActiveCfg = Release|Any CPU
		{83FA8495-31B8-4CD6-B453-79AD38EB44CC}.Release|Any CPU.Build.0 = Release|Any CPU
	EndGlobalSection
	GlobalSection(SolutionProperties) = preSolution
		HideSolutionNode = FALSE
	EndGlobalSection
	GlobalSection(ExtensibilityGlobals) = postSolution
		SolutionGuid = {F9EE7264-4AE5-41C1-9775-AA8F7D7AF920}
	EndGlobalSection
EndGlobal
